
Microsoft Visual Studio Solution File, Format Version 12.00
# Visual Studio 15
VisualStudioVersion = 15.0.28307.1585
MinimumVisualStudioVersion = 10.0.40219.1
Project("{8BC9CEB8-8B4A-11D0-8D11-00A0C91BC942}") = "miniRender", "miniRender\miniRender.vcxproj", "{E9EE0C43-8C19-4C14-842C-1FA76CA894BB}"
EndProject
Global
	GlobalSection(SolutionConfigurationPlatforms) = preSolution
		Debug|x64 = Debug|x64
		Debug|x86 = Debug|x86
		Release|x64 = Release|x64
		Release|x86 = Release|x86
	EndGlobalSection
	GlobalSection(ProjectConfigurationPlatforms) = postSolution
		{E9EE0C43-8C19-4C14-842C-1FA76CA894BB}.Debug|x64.ActiveCfg = Debug|x64
		{E9EE0C43-8C19-4C14-842C-1FA76CA894BB}.Debug|x64.Build.0 = Debug|x64
		{E9EE0C43-8C19-4C14-842C-1FA76CA894BB}.Debug|x86.ActiveCfg = Debug|Win32
		{E9EE0C43-8C19-4C14-842C-1FA76CA894BB}.Debug|x86.Build.0 = Debug|Win32
		{E9EE0C43-8C19-4C14-842C-1FA76CA894BB}.Release|x64.ActiveCfg = Release|x64
		{E9EE0C43-8C19-4C14-842C-1FA76CA894BB}.Release|x64.Build.0 = Release|x64
		{E9EE0C43-8C19-4C14-842C-1FA76CA894BB}.Release|x86.ActiveCfg = Release|Win32
		{E9EE0C43-8C19-4C14-842C-1FA76CA894BB}.Release|x86.Build.0 = Release|Win32
	EndGlobalSection
	GlobalSection(SolutionProperties) = preSolution
		HideSolutionNode = FALSE
	EndGlobalSection
	GlobalSection(ExtensibilityGlobals) = postSolution
		SolutionGuid = {36041040-8042-42FA-9D67-2A81FA2CB9F9}
	EndGlobalSection
EndGlobal
