<?xml version="1.0" encoding="utf-8"?>
<Project ToolsVersion="4.0" xmlns="http://schemas.microsoft.com/developer/msbuild/2003">
  <ItemGroup>
    <Filter Include="源文件">
      <UniqueIdentifier>{4FC737F1-C7A5-4376-A066-2A32D752A2FF}</UniqueIdentifier>
      <Extensions>cpp;c;cc;cxx;def;odl;idl;hpj;bat;asm;asmx</Extensions>
    </Filter>
    <Filter Include="头文件">
      <UniqueIdentifier>{93995380-89BD-4b04-88EB-625FBE52EBFB}</UniqueIdentifier>
      <Extensions>h;hh;hpp;hxx;hm;inl;inc;ipp;xsd</Extensions>
    </Filter>
    <Filter Include="资源文件">
      <UniqueIdentifier>{67DA6AB6-F800-4c08-8B7A-83BB121AAD01}</UniqueIdentifier>
      <Extensions>rc;ico;cur;bmp;dlg;rc2;rct;bin;rgs;gif;jpg;jpeg;jpe;resx;tiff;tif;png;wav;mfcribbon-ms</Extensions>
    </Filter>
    <Filter Include="头文件\platform">
      <UniqueIdentifier>{598f5d0e-4121-43ea-8dfa-323d8f56f469}</UniqueIdentifier>
    </Filter>
    <Filter Include="头文件\platform\linux">
      <UniqueIdentifier>{fff88d6c-0160-495a-80c2-d0ba6d1230e7}</UniqueIdentifier>
    </Filter>
    <Filter Include="头文件\platform\windows">
      <UniqueIdentifier>{98237dfb-f146-4a3e-aabc-a2834226f80e}</UniqueIdentifier>
    </Filter>
    <Filter Include="源文件\platform">
      <UniqueIdentifier>{68b5c262-be3a-4c85-8064-9e65dc8119ba}</UniqueIdentifier>
    </Filter>
    <Filter Include="源文件\platform\linux">
      <UniqueIdentifier>{6afb219b-5ac8-41e6-81df-789075bc2c80}</UniqueIdentifier>
    </Filter>
    <Filter Include="源文件\platform\windows">
      <UniqueIdentifier>{9fd0db0b-2d51-4774-8a59-986e2aa2c00f}</UniqueIdentifier>
    </Filter>
  </ItemGroup>
  <ItemGroup>
    <ClCompile Include="main.cpp">
      <Filter>源文件</Filter>
    </ClCompile>
    <ClCompile Include="tgaimage.cpp">
      <Filter>源文件</Filter>
    </ClCompile>
    <ClCompile Include="camera.cpp">
      <Filter>源文件</Filter>
    </ClCompile>
    <ClCompile Include="mesh.cpp">
      <Filter>源文件</Filter>
    </ClCompile>
    <ClCompile Include="scene.cpp">
      <Filter>源文件</Filter>
    </ClCompile>
    <ClCompile Include="rasterization.cpp">
      <Filter>源文件</Filter>
    </ClCompile>
    <ClCompile Include="type.cpp">
      <Filter>源文件</Filter>
    </ClCompile>
    <ClCompile Include="shader.cpp">
      <Filter>源文件</Filter>
    </ClCompile>
    <ClCompile Include="texture.cpp">
      <Filter>源文件</Filter>
    </ClCompile>
    <ClCompile Include="window_windows.cpp">
      <Filter>源文件\platform\windows</Filter>
    </ClCompile>
  </ItemGroup>
  <ItemGroup>
    <ClInclude Include="OBJ_Loader.h">
      <Filter>头文件</Filter>
    </ClInclude>
    <ClInclude Include="type.h">
      <Filter>头文件</Filter>
    </ClInclude>
    <ClInclude Include="light.h">
      <Filter>头文件</Filter>
    </ClInclude>
    <ClInclude Include="camera.h">
      <Filter>头文件</Filter>
    </ClInclude>
    <ClInclude Include="scene.h">
      <Filter>头文件</Filter>
    </ClInclude>
    <ClInclude Include="mesh.h">
      <Filter>头文件</Filter>
    </ClInclude>
    <ClInclude Include="rasterization.h">
      <Filter>头文件</Filter>
    </ClInclude>
    <ClInclude Include="window.h">
      <Filter>头文件\platform\windows</Filter>
    </ClInclude>
    <ClInclude Include="shader.h">
      <Filter>头文件</Filter>
    </ClInclude>
    <ClInclude Include="tgaimage.h">
      <Filter>头文件</Filter>
    </ClInclude>
    <ClInclude Include="texture.h">
      <Filter>头文件</Filter>
    </ClInclude>
  </ItemGroup>
</Project>